
Microsoft Visual Studio Solution File, Format Version 12.00
# Visual Studio 15
VisualStudioVersion = 15.0.28307.572
MinimumVisualStudioVersion = 10.0.40219.1
Project("{FAE04EC0-301F-11D3-BF4B-00C04F79EFBC}") = "MathsGuess2", "MathsGuess2\MathsGuess2.csproj", "{B9109D47-A932-4257-94E4-411ECB92FAAB}"
EndProject
Project("{2150E333-8FDC-42A3-9474-1A3956D46DE8}") = "Solution Items", "Solution Items", "{CC3344C9-67C4-46B6-B43A-AD29F1C9E63E}"
EndProject
Global
	GlobalSection(SolutionConfigurationPlatforms) = preSolution
		Debug|Any CPU = Debug|Any CPU
		Release|Any CPU = Release|Any CPU
	EndGlobalSection
	GlobalSection(ProjectConfigurationPlatforms) = postSolution
		{B9109D47-A932-4257-94E4-411ECB92FAAB}.Debug|Any CPU.ActiveCfg = Debug|Any CPU
		{B9109D47-A932-4257-94E4-411ECB92FAAB}.Debug|Any CPU.Build.0 = Debug|Any CPU
		{B9109D47-A932-4257-94E4-411ECB92FAAB}.Release|Any CPU.ActiveCfg = Release|Any CPU
		{B9109D47-A932-4257-94E4-411ECB92FAAB}.Release|Any CPU.Build.0 = Release|Any CPU
	EndGlobalSection
	GlobalSection(SolutionProperties) = preSolution
		HideSolutionNode = FALSE
	EndGlobalSection
	GlobalSection(ExtensibilityGlobals) = postSolution
		SolutionGuid = {EF565CF6-BC0E-46C4-A885-666684B9F000}
	EndGlobalSection
EndGlobal
